PODS:
  - AFNetworking (3.1.0):
    - AFNetworking/NSURLSession (= 3.1.0)
    - AFNetworking/Reachability (= 3.1.0)
    - AFNetworking/Security (= 3.1.0)
    - AFNetworking/Serialization (= 3.1.0)
    - AFNetworking/UIKit (= 3.1.0)
  - AFNetworking/NSURLSession (3.1.0):
    - AFNetworking/Reachability
    - AFNetworking/Security
    - AFNetworking/Serialization
  - AFNetworking/Reachability (3.1.0)
  - AFNetworking/Security (3.1.0)
  - AFNetworking/Serialization (3.1.0)
  - AFNetworking/UIKit (3.1.0):
    - AFNetworking/NSURLSession
  - Bugly (2.4.8)
  - DZNEmptyDataSet (1.8.1)
  - FBRetainCycleDetector (0.1.4)
  - FLAnimatedImage (1.0.12)
  - GTSDK (2.1.0.0)
  - INTULocationManager (4.2.0)
  - IQKeyboardManager (5.0.4)
  - JLRoutes (1.6.4)
  - JSONKit-NoWarning (1.2)
  - JSONModel (1.7.0)
  - MBProgressHUD (0.9.2)
  - MBProgressHUD+BWMExtension (1.0.1):
    - MBProgressHUD (~> 0.9.1)
  - MJRefresh (3.1.12)
  - MLeaksFinder (1.0.0):
    - FBRetainCycleDetector
  - mob_sharesdk (4.1.2):
    - mob_sharesdk/ShareSDK (= 4.1.2)
    - MOBFoundation
  - mob_sharesdk/ShareSDK (4.1.2):
    - MOBFoundation
  - mob_sharesdk/ShareSDKPlatforms/QQ (4.1.2):
    - mob_sharesdk/ShareSDK
    - MOBFoundation
  - mob_sharesdk/ShareSDKPlatforms/SinaWeibo (4.1.2):
    - mob_sharesdk/ShareSDK
    - MOBFoundation
  - mob_sharesdk/ShareSDKPlatforms/WeChat (4.1.2):
    - mob_sharesdk/ShareSDK
    - MOBFoundation
  - mob_sharesdk/ShareSDKUI (4.1.2):
    - mob_sharesdk/ShareSDK
    - MOBFoundation
  - MOBFoundation (3.1.6)
  - NJKWebViewProgress (0.2.3):
    - NJKWebViewProgress/Core (= 0.2.3)
    - NJKWebViewProgress/ProgressView (= 0.2.3)
  - NJKWebViewProgress/Core (0.2.3)
  - NJKWebViewProgress/ProgressView (0.2.3)
  - Onboard (2.3.1)
  - ReactiveObjC (3.0.0)
  - SDCycleScrollView (1.74):
    - SDWebImage (>= 4.0.0)
  - SDWebImage (4.2.2):
    - SDWebImage/Core (= 4.2.2)
  - SDWebImage/Core (4.2.2)
  - TMCache (2.1.0)
  - TTTAttributedLabel (1.13.4)
  - WebViewJavascriptBridge (5.0.5)
  - WRNavigationBar (1.0.3)
  - XHLaunchAd (3.8.4):
    - FLAnimatedImage (~> 1.0.12)
  - YYKit (1.0.9):
    - YYKit/no-arc (= 1.0.9)
  - YYKit/no-arc (1.0.9)

DEPENDENCIES:
  - AFNetworking (= 3.1.0)
  - Bugly (= 2.4.8)
  - DZNEmptyDataSet
  - GTSDK (= 2.1.0.0)
  - INTULocationManager (= 4.2.0)
  - IQKeyboardManager (= 5.0.4)
  - JLRoutes (= 1.6.4)
  - JSONKit-NoWarning (= 1.2)
  - JSONModel (= 1.7.0)
  - MBProgressHUD+BWMExtension (= 1.0.1)
  - MJRefresh (= 3.1.12)
  - MLeaksFinder
  - mob_sharesdk
  - mob_sharesdk/ShareSDKPlatforms/QQ
  - mob_sharesdk/ShareSDKPlatforms/SinaWeibo
  - mob_sharesdk/ShareSDKPlatforms/WeChat
  - mob_sharesdk/ShareSDKUI
  - NJKWebViewProgress (= 0.2.3)
  - Onboard (= 2.3.1)
  - ReactiveObjC (= 3.0.0)
  - SDCycleScrollView (= 1.74)
  - SDWebImage (= 4.2.2)
  - TMCache (= 2.1.0)
  - TTTAttributedLabel (= 1.13.4)
  - WebViewJavascriptBridge (= 5.0.5)
  - WRNavigationBar (= 1.0.3)
  - XHLaunchAd (= 3.8.4)
  - YYKit (= 1.0.9)

SPEC CHECKSUMS:
  AFNetworking: 5e0e199f73d8626b11e79750991f5d173d1f8b67
  Bugly: da3c02408c14838d498429320545a8e439392978
  DZNEmptyDataSet: 9525833b9e68ac21c30253e1d3d7076cc828eaa7
  FBRetainCycleDetector: 46f8179bbb1c587deee3ea838a1a3ee02acf5015
  FLAnimatedImage: 4a0b56255d9b05f18b6dd7ee06871be5d3b89e31
  GTSDK: e4bbd1073ec69471decff20f77a5df90a771824d
  INTULocationManager: 73f8254b3d05c897c56bb13c190e5b7c648c0998
  IQKeyboardManager: 1df9c0f147af1681cfb2d9977bc30309d45a7e76
  JLRoutes: a2e6efb1b1070feccb6dc68e1646ca870f42115b
  JSONKit-NoWarning: 3d27e6f9e6846ecf741e8c64dcadd7d5aa7193cb
  JSONModel: 840bc0fcffb24b8454d2c026bf26fea454b8e98d
  MBProgressHUD: 1569cf7ace17a8bac47aabfbb8580a49690386d1
  MBProgressHUD+BWMExtension: d0603a1c0b03ef74cae6a0986d63c0bdf34bedfe
  MJRefresh: b96cdb21c4aa75a7b07654311ab2f315c497e806
  MLeaksFinder: 8c435bd2f6d070af18cff082b503b21adc130fc0
  mob_sharesdk: e859de6ace7542f3395ce055682f7cd40efdfaa1
  MOBFoundation: a87c5f11fb87f873337189c3ec0add4d3ec6221a
  NJKWebViewProgress: f481fd424cb5ecc27eacae11b5397db92fba9a4d
  Onboard: b6871f25ac753175b2ab9a362fb2feb26a81a311
  ReactiveObjC: ce79989e8684b9086b5f8d0c74bc7b81a8729c9e
  SDCycleScrollView: f821215226f6146a35470721a9d6e83ec5cfb04b
  SDWebImage: 89a9d32cd520bbb46eb14e541d5109b3564af198
  TMCache: 95ebcc9b3c7e90fb5fd8fc3036cba3aa781c9bed
  TTTAttributedLabel: 0a2ac7b2dd726d32a070dafb01446026b11e624f
  WebViewJavascriptBridge: a4d502315f1b8d9a51cd6a9174147ed567ec3bc5
  WRNavigationBar: 4ae5aab66535b1a1690b3a26d3c2f92cb51b8c09
  XHLaunchAd: ded95405835d28b589d574b16e9779652e5e6588
  YYKit: 7cda43304a8dc3696c449041e2cb3107b4e236e7

PODFILE CHECKSUM: 8c93abbcea9aabc56ce9e1378254c41a57cf05cb

COCOAPODS: 1.4.0
